{
  "requires": true,
  "lockfileVersion": 1,
  "dependencies": {
    "dat.gui": {
      "version": "0.7.6",
      "resolved": "https://registry.npmjs.org/dat.gui/-/dat.gui-0.7.6.tgz",
      "integrity": "sha512-9Uqr4aQUvp9q5P2b4y6gK604HXafubOq578OmOS8mjrIkYrBP4EbQ9gz9YRXgyPh7aQi+b9H/jAG7EucmhYpSA=="
    },
    "geotiff": {
      "version": "1.0.0-beta.6",
      "resolved": "https://registry.npmjs.org/geotiff/-/geotiff-1.0.0-beta.6.tgz",
      "integrity": "sha512-xdZ/MLcnrv1+6wQlQZQIs11zNJywylnV1pXqDw7Ao7bmLRpM421a39dXP5e6SG+vio0mnDUZkL2XknKbqppFzw==",
      "requires": {
        "pako": "^1.0.3",
        "xmldom": "0.1.*"
      }
    },
    "jquery": {
      "version": "3.4.1",
      "resolved": "https://registry.npmjs.org/jquery/-/jquery-3.4.1.tgz",
      "integrity": "sha512-36+AdBzCL+y6qjw5Tx7HgzeGCzC81MDDgaUP8ld2zhx58HdqXGoBd+tHdrBMiyjGQs0Hxs/MLZTu/eHNJJuWPw=="
    },
    "orbit-controls-es6": {
      "version": "2.0.1",
      "resolved": "https://registry.npmjs.org/orbit-controls-es6/-/orbit-controls-es6-2.0.1.tgz",
      "integrity": "sha512-Np+XREwlIFl7tSpMSqHuJ20ySonCwCJO+vxyMGmijCJv5+I1SqGQMNfn2fwJC3TVvakXRIxa4ayxJdzeF5dPAA=="
    },
    "pako": {
      "version": "1.0.11",
      "resolved": "https://registry.npmjs.org/pako/-/pako-1.0.11.tgz",
      "integrity": "sha512-4hLB8Py4zZce5s4yd9XzopqwVv/yGNhV1Bl8NTmCq1763HeK2+EwVTv+leGeL13Dnh2wfbqowVPXCIO0z4taYw=="
    },
    "three": {
      "version": "0.113.2",
      "resolved": "https://registry.npmjs.org/three/-/three-0.113.2.tgz",
      "integrity": "sha512-x3vrKW41/UtbWbWduWKGlfIc043SvHWr3YltehYq+UGb9YglQ2oztNGvl2eut05JtNSmP11Mh3t6Xak5/0e+Fg=="
    },
    "xmldom": {
      "version": "0.1.31",
      "resolved": "https://registry.npmjs.org/xmldom/-/xmldom-0.1.31.tgz",
      "integrity": "sha512-yS2uJflVQs6n+CyjHoaBmVSqIDevTAWrzMmjG1Gc7h1qQ7uVozNhEPJAwZXWyGQ/Gafo3fCwrcaokezLPupVyQ=="
    }
  }
}
